PODS:
  - DropDown (2.3.2)
  - SwiftLint (0.26.0)

DEPENDENCIES:
  - DropDown
  - SwiftLint

SPEC REPOS:
  https://github.com/cocoapods/specs.git:
    - DropDown
    - SwiftLint

SPEC CHECKSUMS:
  DropDown: 7f87abecc28f9b4edad810fe1211c5c018c257e5
  SwiftLint: f6b83e8d95ee1e91e11932d843af4fdcbf3fc764

PODFILE CHECKSUM: efd20f2c777e515e614fa11fdc0cd4bfcd069220

COCOAPODS: 1.5.3
