// !$*UTF8*$!
{
	archiveVersion = 1;
	classes = {
	};
	objectVersion = 50;
	objects = {

/* Begin PBXBuildFile section */
		25B9634E211A43130022F6CE /* AppDelegate.swift in Sources */ = {isa = PBXBuildFile; fileRef = 25B9634D211A43130022F6CE /* AppDelegate.swift */; };
		25B96350211A43130022F6CE /* MainViewController.swift in Sources */ = {isa = PBXBuildFile; fileRef = 25B9634F211A43130022F6CE /* MainViewController.swift */; };
		25B96353211A43130022F6CE /* Main.storyboard in Resources */ = {isa = PBXBuildFile; fileRef = 25B96351211A43130022F6CE /* Main.storyboard */; };
		25B96356211A43130022F6CE /* ToDoList.xcdatamodeld in Sources */ = {isa = PBXBuildFile; fileRef = 25B96354211A43130022F6CE /* ToDoList.xcdatamodeld */; };
		25B96358211A43140022F6CE /* Assets.xcassets in Resources */ = {isa = PBXBuildFile; fileRef = 25B96357211A43140022F6CE /* Assets.xcassets */; };
		25B9635B211A43140022F6CE /* LaunchScreen.storyboard in Resources */ = {isa = PBXBuildFile; fileRef = 25B96359211A43140022F6CE /* LaunchScreen.storyboard */; };
		25B96367211A48AB0022F6CE /* NewTaskController.swift in Sources */ = {isa = PBXBuildFile; fileRef = 25B96366211A48AB0022F6CE /* NewTaskController.swift */; };
		25B9636E211A50F60022F6CE /* Task+CoreDataClass copy.swift in Sources */ = {isa = PBXBuildFile; fileRef = 25B9636C211A50F60022F6CE /* Task+CoreDataClass copy.swift */; };
		25B9636F211A50F60022F6CE /* Task+CoreDataProperties copy.swift in Sources */ = {isa = PBXBuildFile; fileRef = 25B9636D211A50F60022F6CE /* Task+CoreDataProperties copy.swift */; };
		25B96371211A56020022F6CE /* TaskCell.swift in Sources */ = {isa = PBXBuildFile; fileRef = 25B96370211A56020022F6CE /* TaskCell.swift */; };
		25B96374211BB5AD0022F6CE /* Date.swift in Sources */ = {isa = PBXBuildFile; fileRef = 25B96373211BB5AD0022F6CE /* Date.swift */; };
		25B96376211BE9850022F6CE /* UpdateTaskViewController.swift in Sources */ = {isa = PBXBuildFile; fileRef = 25B96375211BE9850022F6CE /* UpdateTaskViewController.swift */; };
		25B96378211BF2480022F6CE /* CompletedTaskCell.swift in Sources */ = {isa = PBXBuildFile; fileRef = 25B96377211BF2480022F6CE /* CompletedTaskCell.swift */; };
		25B9637A211BF4430022F6CE /* CompletedTaskViewController.swift in Sources */ = {isa = PBXBuildFile; fileRef = 25B96379211BF4430022F6CE /* CompletedTaskViewController.swift */; };
		25B9637C211BFD570022F6CE /* LocalNotificationManager.swift in Sources */ = {isa = PBXBuildFile; fileRef = 25B9637B211BFD570022F6CE /* LocalNotificationManager.swift */; };
		25B96380211C3A770022F6CE /* Alert.swift in Sources */ = {isa = PBXBuildFile; fileRef = 25B9637F211C3A770022F6CE /* Alert.swift */; };
		C19B715C578CA30D8CC6331C /* Pods_ToDoList.framework in Frameworks */ = {isa = PBXBuildFile; fileRef = A58778FEE12B5B601FAEE018 /* Pods_ToDoList.framework */; };
/* End PBXBuildFile section */

/* Begin PBXFileReference section */
		2556F20D2120374600C5499E /* ToDoList 2.xcdatamodel */ = {isa = PBXFileReference; lastKnownFileType = wrapper.xcdatamodel; path = "ToDoList 2.xcdatamodel"; sourceTree = "<group>"; };
		25B9634A211A43130022F6CE /* ToDoList.app */ = {isa = PBXFileReference; explicitFileType = wrapper.application; includeInIndex = 0; path = ToDoList.app; sourceTree = BUILT_PRODUCTS_DIR; };
		25B9634D211A43130022F6CE /* AppDelegate.swift */ = {isa = PBXFileReference; lastKnownFileType = sourcecode.swift; path = AppDelegate.swift; sourceTree = "<group>"; };
		25B9634F211A43130022F6CE /* MainViewController.swift */ = {isa = PBXFileReference; lastKnownFileType = sourcecode.swift; path = MainViewController.swift; sourceTree = "<group>"; };
		25B96352211A43130022F6CE /* Base */ = {isa = PBXFileReference; lastKnownFileType = file.storyboard; name = Base; path = Base.lproj/Main.storyboard; sourceTree = "<group>"; };
		25B96355211A43130022F6CE /* ToDoList.xcdatamodel */ = {isa = PBXFileReference; lastKnownFileType = wrapper.xcdatamodel; path = ToDoList.xcdatamodel; sourceTree = "<group>"; };
		25B96357211A43140022F6CE /* Assets.xcassets */ = {isa = PBXFileReference; lastKnownFileType = folder.assetcatalog; path = Assets.xcassets; sourceTree = "<group>"; };
		25B9635A211A43140022F6CE /* Base */ = {isa = PBXFileReference; lastKnownFileType = file.storyboard; name = Base; path = Base.lproj/LaunchScreen.storyboard; sourceTree = "<group>"; };
		25B9635C211A43140022F6CE /* Info.plist */ = {isa = PBXFileReference; lastKnownFileType = text.plist.xml; path = Info.plist; sourceTree = "<group>"; };
		25B96366211A48AB0022F6CE /* NewTaskController.swift */ = {isa = PBXFileReference; lastKnownFileType = sourcecode.swift; path = NewTaskController.swift; sourceTree = "<group>"; };
		25B9636C211A50F60022F6CE /* Task+CoreDataClass copy.swift */ = {isa = PBXFileReference; fileEncoding = 4; lastKnownFileType = sourcecode.swift; path = "Task+CoreDataClass copy.swift"; sourceTree = "<group>"; };
		25B9636D211A50F60022F6CE /* Task+CoreDataProperties copy.swift */ = {isa = PBXFileReference; fileEncoding = 4; lastKnownFileType = sourcecode.swift; path = "Task+CoreDataProperties copy.swift"; sourceTree = "<group>"; };
		25B96370211A56020022F6CE /* TaskCell.swift */ = {isa = PBXFileReference; lastKnownFileType = sourcecode.swift; path = TaskCell.swift; sourceTree = "<group>"; };
		25B96373211BB5AD0022F6CE /* Date.swift */ = {isa = PBXFileReference; lastKnownFileType = sourcecode.swift; path = Date.swift; sourceTree = "<group>"; };
		25B96375211BE9850022F6CE /* UpdateTaskViewController.swift */ = {isa = PBXFileReference; lastKnownFileType = sourcecode.swift; path = UpdateTaskViewController.swift; sourceTree = "<group>"; };
		25B96377211BF2480022F6CE /* CompletedTaskCell.swift */ = {isa = PBXFileReference; lastKnownFileType = sourcecode.swift; path = CompletedTaskCell.swift; sourceTree = "<group>"; };
		25B96379211BF4430022F6CE /* CompletedTaskViewController.swift */ = {isa = PBXFileReference; lastKnownFileType = sourcecode.swift; path = CompletedTaskViewController.swift; sourceTree = "<group>"; };
		25B9637B211BFD570022F6CE /* LocalNotificationManager.swift */ = {isa = PBXFileReference; lastKnownFileType = sourcecode.swift; path = LocalNotificationManager.swift; sourceTree = "<group>"; };
		25B9637F211C3A770022F6CE /* Alert.swift */ = {isa = PBXFileReference; lastKnownFileType = sourcecode.swift; path = Alert.swift; sourceTree = "<group>"; };
		326E6BD960187F8519C87C74 /* Pods-ToDoList.release.xcconfig */ = {isa = PBXFileReference; includeInIndex = 1; lastKnownFileType = text.xcconfig; name = "Pods-ToDoList.release.xcconfig"; path = "Pods/Target Support Files/Pods-ToDoList/Pods-ToDoList.release.xcconfig"; sourceTree = "<group>"; };
		A58778FEE12B5B601FAEE018 /* Pods_ToDoList.framework */ = {isa = PBXFileReference; explicitFileType = wrapper.framework; includeInIndex = 0; path = Pods_ToDoList.framework; sourceTree = BUILT_PRODUCTS_DIR; };
		FDFF92FBD0595080B7CB3ACE /* Pods-ToDoList.debug.xcconfig */ = {isa = PBXFileReference; includeInIndex = 1; lastKnownFileType = text.xcconfig; name = "Pods-ToDoList.debug.xcconfig"; path = "Pods/Target Support Files/Pods-ToDoList/Pods-ToDoList.debug.xcconfig"; sourceTree = "<group>"; };
/* End PBXFileReference section */

/* Begin PBXFrameworksBuildPhase section */
		25B96347211A43130022F6CE /* Frameworks */ = {
			isa = PBXFrameworksBuildPhase;
			buildActionMask = 2147483647;
			files = (
				C19B715C578CA30D8CC6331C /* Pods_ToDoList.framework in Frameworks */,
			);
			runOnlyForDeploymentPostprocessing = 0;
		};
/* End PBXFrameworksBuildPhase section */

/* Begin PBXGroup section */
		25B96341211A43130022F6CE = {
			isa = PBXGroup;
			children = (
				25B9634C211A43130022F6CE /* ToDoList */,
				25B9634B211A43130022F6CE /* Products */,
				836EDAC08ED441E6CAC509DD /* Pods */,
				AF8FCDA4BD706E23998C30A5 /* Frameworks */,
			);
			sourceTree = "<group>";
		};
		25B9634B211A43130022F6CE /* Products */ = {
			isa = PBXGroup;
			children = (
				25B9634A211A43130022F6CE /* ToDoList.app */,
			);
			name = Products;
			sourceTree = "<group>";
		};
		25B9634C211A43130022F6CE /* ToDoList */ = {
			isa = PBXGroup;
			children = (
				25B96372211BB5810022F6CE /* Utils */,
				25B96365211A485A0022F6CE /* View */,
				25B96364211A48520022F6CE /* Model */,
				25B96363211A483F0022F6CE /* Controller */,
				25B9634D211A43130022F6CE /* AppDelegate.swift */,
				25B96351211A43130022F6CE /* Main.storyboard */,
				25B96357211A43140022F6CE /* Assets.xcassets */,
				25B96359211A43140022F6CE /* LaunchScreen.storyboard */,
				25B9635C211A43140022F6CE /* Info.plist */,
				25B96354211A43130022F6CE /* ToDoList.xcdatamodeld */,
			);
			path = ToDoList;
			sourceTree = "<group>";
		};
		25B96363211A483F0022F6CE /* Controller */ = {
			isa = PBXGroup;
			children = (
				25B9634F211A43130022F6CE /* MainViewController.swift */,
				25B96366211A48AB0022F6CE /* NewTaskController.swift */,
				25B96375211BE9850022F6CE /* UpdateTaskViewController.swift */,
				25B96379211BF4430022F6CE /* CompletedTaskViewController.swift */,
			);
			path = Controller;
			sourceTree = "<group>";
		};
		25B96364211A48520022F6CE /* Model */ = {
			isa = PBXGroup;
			children = (
				25B9636D211A50F60022F6CE /* Task+CoreDataProperties copy.swift */,
				25B9636C211A50F60022F6CE /* Task+CoreDataClass copy.swift */,
			);
			path = Model;
			sourceTree = "<group>";
		};
		25B96365211A485A0022F6CE /* View */ = {
			isa = PBXGroup;
			children = (
				25B96370211A56020022F6CE /* TaskCell.swift */,
				25B96377211BF2480022F6CE /* CompletedTaskCell.swift */,
				25B9637F211C3A770022F6CE /* Alert.swift */,
			);
			path = View;
			sourceTree = "<group>";
		};
		25B96372211BB5810022F6CE /* Utils */ = {
			isa = PBXGroup;
			children = (
				25B96373211BB5AD0022F6CE /* Date.swift */,
				25B9637B211BFD570022F6CE /* LocalNotificationManager.swift */,
			);
			path = Utils;
			sourceTree = "<group>";
		};
		836EDAC08ED441E6CAC509DD /* Pods */ = {
			isa = PBXGroup;
			children = (
				FDFF92FBD0595080B7CB3ACE /* Pods-ToDoList.debug.xcconfig */,
				326E6BD960187F8519C87C74 /* Pods-ToDoList.release.xcconfig */,
			);
			name = Pods;
			sourceTree = "<group>";
		};
		AF8FCDA4BD706E23998C30A5 /* Frameworks */ = {
			isa = PBXGroup;
			children = (
				A58778FEE12B5B601FAEE018 /* Pods_ToDoList.framework */,
			);
			name = Frameworks;
			sourceTree = "<group>";
		};
/* End PBXGroup section */

/* Begin PBXNativeTarget section */
		25B96349211A43130022F6CE /* ToDoList */ = {
			isa = PBXNativeTarget;
			buildConfigurationList = 25B9635F211A43140022F6CE /* Build configuration list for PBXNativeTarget "ToDoList" */;
			buildPhases = (
				25B96362211A46D50022F6CE /* ShellScript */,
				B331182C4F2C78D8FA573468 /* [CP] Check Pods Manifest.lock */,
				25B96346211A43130022F6CE /* Sources */,
				25B96347211A43130022F6CE /* Frameworks */,
				25B96348211A43130022F6CE /* Resources */,
			);
			buildRules = (
			);
			dependencies = (
			);
			name = ToDoList;
			productName = ToDoList;
			productReference = 25B9634A211A43130022F6CE /* ToDoList.app */;
			productType = "com.apple.product-type.application";
		};
/* End PBXNativeTarget section */

/* Begin PBXProject section */
		25B96342211A43130022F6CE /* Project object */ = {
			isa = PBXProject;
			attributes = {
				LastSwiftUpdateCheck = 0940;
				LastUpgradeCheck = 0940;
				ORGANIZATIONNAME = LTT;
				TargetAttributes = {
					25B96349211A43130022F6CE = {
						CreatedOnToolsVersion = 9.4.1;
					};
				};
			};
			buildConfigurationList = 25B96345211A43130022F6CE /* Build configuration list for PBXProject "ToDoList" */;
			compatibilityVersion = "Xcode 9.3";
			developmentRegion = en;
			hasScannedForEncodings = 0;
			knownRegions = (
				en,
				Base,
			);
			mainGroup = 25B96341211A43130022F6CE;
			productRefGroup = 25B9634B211A43130022F6CE /* Products */;
			projectDirPath = "";
			projectRoot = "";
			targets = (
				25B96349211A43130022F6CE /* ToDoList */,
			);
		};
/* End PBXProject section */

/* Begin PBXResourcesBuildPhase section */
		25B96348211A43130022F6CE /* Resources */ = {
			isa = PBXResourcesBuildPhase;
			buildActionMask = 2147483647;
			files = (
				25B9635B211A43140022F6CE /* LaunchScreen.storyboard in Resources */,
				25B96358211A43140022F6CE /* Assets.xcassets in Resources */,
				25B96353211A43130022F6CE /* Main.storyboard in Resources */,
			);
			runOnlyForDeploymentPostprocessing = 0;
		};
/* End PBXResourcesBuildPhase section */

/* Begin PBXShellScriptBuildPhase section */
		25B96362211A46D50022F6CE /* ShellScript */ = {
			isa = PBXShellScriptBuildPhase;
			buildActionMask = 12;
			files = (
			);
			inputPaths = (
			);
			outputPaths = (
			);
			runOnlyForDeploymentPostprocessing = 0;
			shellPath = /bin/sh;
			shellScript = "\"${PODS_ROOT}/SwiftLint/swiftlint\"";
		};
		B331182C4F2C78D8FA573468 /* [CP] Check Pods Manifest.lock */ = {
			isa = PBXShellScriptBuildPhase;
			buildActionMask = 2147483647;
			files = (
			);
			inputPaths = (
				"${PODS_PODFILE_DIR_PATH}/Podfile.lock",
				"${PODS_ROOT}/Manifest.lock",
			);
			name = "[CP] Check Pods Manifest.lock";
			outputPaths = (
				"$(DERIVED_FILE_DIR)/Pods-ToDoList-checkManifestLockResult.txt",
			);
			runOnlyForDeploymentPostprocessing = 0;
			shellPath = /bin/sh;
			shellScript = "diff \"${PODS_PODFILE_DIR_PATH}/Podfile.lock\" \"${PODS_ROOT}/Manifest.lock\" > /dev/null\nif [ $? != 0 ] ; then\n    # print error to STDERR\n    echo \"error: The sandbox is not in sync with the Podfile.lock. Run 'pod install' or update your CocoaPods installation.\" >&2\n    exit 1\nfi\n# This output is used by Xcode 'outputs' to avoid re-running this script phase.\necho \"SUCCESS\" > \"${SCRIPT_OUTPUT_FILE_0}\"\n";
			showEnvVarsInLog = 0;
		};
/* End PBXShellScriptBuildPhase section */

/* Begin PBXSourcesBuildPhase section */
		25B96346211A43130022F6CE /* Sources */ = {
			isa = PBXSourcesBuildPhase;
			buildActionMask = 2147483647;
			files = (
				25B9636F211A50F60022F6CE /* Task+CoreDataProperties copy.swift in Sources */,
				25B96367211A48AB0022F6CE /* NewTaskController.swift in Sources */,
				25B9637A211BF4430022F6CE /* CompletedTaskViewController.swift in Sources */,
				25B96376211BE9850022F6CE /* UpdateTaskViewController.swift in Sources */,
				25B9636E211A50F60022F6CE /* Task+CoreDataClass copy.swift in Sources */,
				25B96380211C3A770022F6CE /* Alert.swift in Sources */,
				25B96374211BB5AD0022F6CE /* Date.swift in Sources */,
				25B9637C211BFD570022F6CE /* LocalNotificationManager.swift in Sources */,
				25B96350211A43130022F6CE /* MainViewController.swift in Sources */,
				25B96371211A56020022F6CE /* TaskCell.swift in Sources */,
				25B96356211A43130022F6CE /* ToDoList.xcdatamodeld in Sources */,
				25B96378211BF2480022F6CE /* CompletedTaskCell.swift in Sources */,
				25B9634E211A43130022F6CE /* AppDelegate.swift in Sources */,
			);
			runOnlyForDeploymentPostprocessing = 0;
		};
/* End PBXSourcesBuildPhase section */

/* Begin PBXVariantGroup section */
		25B96351211A43130022F6CE /* Main.storyboard */ = {
			isa = PBXVariantGroup;
			children = (
				25B96352211A43130022F6CE /* Base */,
			);
			name = Main.storyboard;
			sourceTree = "<group>";
		};
		25B96359211A43140022F6CE /* LaunchScreen.storyboard */ = {
			isa = PBXVariantGroup;
			children = (
				25B9635A211A43140022F6CE /* Base */,
			);
			name = LaunchScreen.storyboard;
			sourceTree = "<group>";
		};
/* End PBXVariantGroup section */

/* Begin XCBuildConfiguration section */
		25B9635D211A43140022F6CE /* Debug */ = {
			isa = XCBuildConfiguration;
			buildSettings = {
				ALWAYS_SEARCH_USER_PATHS = NO;
				CLANG_ANALYZER_NONNULL = YES;
				CLANG_ANALYZER_NUMBER_OBJECT_CONVERSION = YES_AGGRESSIVE;
				CLANG_CXX_LANGUAGE_STANDARD = "gnu++14";
				CLANG_CXX_LIBRARY = "libc++";
				CLANG_ENABLE_MODULES = YES;
				CLANG_ENABLE_OBJC_ARC = YES;
				CLANG_ENABLE_OBJC_WEAK = YES;
				CLANG_WARN_BLOCK_CAPTURE_AUTORELEASING = YES;
				CLANG_WARN_BOOL_CONVERSION = YES;
				CLANG_WARN_COMMA = YES;
				CLANG_WARN_CONSTANT_CONVERSION = YES;
				CLANG_WARN_DEPRECATED_OBJC_IMPLEMENTATIONS = YES;
				CLANG_WARN_DIRECT_OBJC_ISA_USAGE = YES_ERROR;
				CLANG_WARN_DOCUMENTATION_COMMENTS = YES;
				CLANG_WARN_EMPTY_BODY = YES;
				CLANG_WARN_ENUM_CONVERSION = YES;
				CLANG_WARN_INFINITE_RECURSION = YES;
				CLANG_WARN_INT_CONVERSION = YES;
				CLANG_WARN_NON_LITERAL_NULL_CONVERSION = YES;
				CLANG_WARN_OBJC_IMPLICIT_RETAIN_SELF = YES;
				CLANG_WARN_OBJC_LITERAL_CONVERSION = YES;
				CLANG_WARN_OBJC_ROOT_CLASS = YES_ERROR;
				CLANG_WARN_RANGE_LOOP_ANALYSIS = YES;
				CLANG_WARN_STRICT_PROTOTYPES = YES;
				CLANG_WARN_SUSPICIOUS_MOVE = YES;
				CLANG_WARN_UNGUARDED_AVAILABILITY = YES_AGGRESSIVE;
				CLANG_WARN_UNREACHABLE_CODE = YES;
				CLANG_WARN__DUPLICATE_METHOD_MATCH = YES;
				CODE_SIGN_IDENTITY = "iPhone Developer";
				COPY_PHASE_STRIP = NO;
				DEBUG_INFORMATION_FORMAT = dwarf;
				ENABLE_STRICT_OBJC_MSGSEND = YES;
				ENABLE_TESTABILITY = YES;
				GCC_C_LANGUAGE_STANDARD = gnu11;
				GCC_DYNAMIC_NO_PIC = NO;
				GCC_NO_COMMON_BLOCKS = YES;
				GCC_OPTIMIZATION_LEVEL = 0;
				GCC_PREPROCESSOR_DEFINITIONS = (
					"DEBUG=1",
					"$(inherited)",
				);
				GCC_WARN_64_TO_32_BIT_CONVERSION = YES;
				GCC_WARN_ABOUT_RETURN_TYPE = YES_ERROR;
				GCC_WARN_UNDECLARED_SELECTOR = YES;
				GCC_WARN_UNINITIALIZED_AUTOS = YES_AGGRESSIVE;
				GCC_WARN_UNUSED_FUNCTION = YES;
				GCC_WARN_UNUSED_VARIABLE = YES;
				IPHONEOS_DEPLOYMENT_TARGET = 11.4;
				MTL_ENABLE_DEBUG_INFO = YES;
				ONLY_ACTIVE_ARCH = YES;
				SDKROOT = iphoneos;
				SWIFT_ACTIVE_COMPILATION_CONDITIONS = DEBUG;
				SWIFT_OPTIMIZATION_LEVEL = "-Onone";
			};
			name = Debug;
		};
		25B9635E211A43140022F6CE /* Release */ = {
			isa = XCBuildConfiguration;
			buildSettings = {
				ALWAYS_SEARCH_USER_PATHS = NO;
				CLANG_ANALYZER_NONNULL = YES;
				CLANG_ANALYZER_NUMBER_OBJECT_CONVERSION = YES_AGGRESSIVE;
				CLANG_CXX_LANGUAGE_STANDARD = "gnu++14";
				CLANG_CXX_LIBRARY = "libc++";
				CLANG_ENABLE_MODULES = YES;
				CLANG_ENABLE_OBJC_ARC = YES;
				CLANG_ENABLE_OBJC_WEAK = YES;
				CLANG_WARN_BLOCK_CAPTURE_AUTORELEASING = YES;
				CLANG_WARN_BOOL_CONVERSION = YES;
				CLANG_WARN_COMMA = YES;
				CLANG_WARN_CONSTANT_CONVERSION = YES;
				CLANG_WARN_DEPRECATED_OBJC_IMPLEMENTATIONS = YES;
				CLANG_WARN_DIRECT_OBJC_ISA_USAGE = YES_ERROR;
				CLANG_WARN_DOCUMENTATION_COMMENTS = YES;
				CLANG_WARN_EMPTY_BODY = YES;
				CLANG_WARN_ENUM_CONVERSION = YES;
				CLANG_WARN_INFINITE_RECURSION = YES;
				CLANG_WARN_INT_CONVERSION = YES;
				CLANG_WARN_NON_LITERAL_NULL_CONVERSION = YES;
				CLANG_WARN_OBJC_IMPLICIT_RETAIN_SELF = YES;
				CLANG_WARN_OBJC_LITERAL_CONVERSION = YES;
				CLANG_WARN_OBJC_ROOT_CLASS = YES_ERROR;
				CLANG_WARN_RANGE_LOOP_ANALYSIS = YES;
				CLANG_WARN_STRICT_PROTOTYPES = YES;
				CLANG_WARN_SUSPICIOUS_MOVE = YES;
				CLANG_WARN_UNGUARDED_AVAILABILITY = YES_AGGRESSIVE;
				CLANG_WARN_UNREACHABLE_CODE = YES;
				CLANG_WARN__DUPLICATE_METHOD_MATCH = YES;
				CODE_SIGN_IDENTITY = "iPhone Developer";
				COPY_PHASE_STRIP = NO;
				DEBUG_INFORMATION_FORMAT = "dwarf-with-dsym";
				ENABLE_NS_ASSERTIONS = NO;
				ENABLE_STRICT_OBJC_MSGSEND = YES;
				GCC_C_LANGUAGE_STANDARD = gnu11;
				GCC_NO_COMMON_BLOCKS = YES;
				GCC_WARN_64_TO_32_BIT_CONVERSION = YES;
				GCC_WARN_ABOUT_RETURN_TYPE = YES_ERROR;
				GCC_WARN_UNDECLARED_SELECTOR = YES;
				GCC_WARN_UNINITIALIZED_AUTOS = YES_AGGRESSIVE;
				GCC_WARN_UNUSED_FUNCTION = YES;
				GCC_WARN_UNUSED_VARIABLE = YES;
				IPHONEOS_DEPLOYMENT_TARGET = 11.4;
				MTL_ENABLE_DEBUG_INFO = NO;
				SDKROOT = iphoneos;
				SWIFT_COMPILATION_MODE = wholemodule;
				SWIFT_OPTIMIZATION_LEVEL = "-O";
				VALIDATE_PRODUCT = YES;
			};
			name = Release;
		};
		25B96360211A43140022F6CE /* Debug */ = {
			isa = XCBuildConfiguration;
			baseConfigurationReference = FDFF92FBD0595080B7CB3ACE /* Pods-ToDoList.debug.xcconfig */;
			buildSettings = {
				ASSETCATALOG_COMPILER_APPICON_NAME = AppIcon;
				CODE_SIGN_STYLE = Automatic;
				INFOPLIST_FILE = ToDoList/Info.plist;
				LD_RUNPATH_SEARCH_PATHS = (
					"$(inherited)",
					"@executable_path/Frameworks",
				);
				PRODUCT_BUNDLE_IDENTIFIER = com.LTT.ToDoList;
				PRODUCT_NAME = "$(TARGET_NAME)";
				SWIFT_VERSION = 4.0;
				TARGETED_DEVICE_FAMILY = "1,2";
			};
			name = Debug;
		};
		25B96361211A43140022F6CE /* Release */ = {
			isa = XCBuildConfiguration;
			baseConfigurationReference = 326E6BD960187F8519C87C74 /* Pods-ToDoList.release.xcconfig */;
			buildSettings = {
				ASSETCATALOG_COMPILER_APPICON_NAME = AppIcon;
				CODE_SIGN_STYLE = Automatic;
				INFOPLIST_FILE = ToDoList/Info.plist;
				LD_RUNPATH_SEARCH_PATHS = (
					"$(inherited)",
					"@executable_path/Frameworks",
				);
				PRODUCT_BUNDLE_IDENTIFIER = com.LTT.ToDoList;
				PRODUCT_NAME = "$(TARGET_NAME)";
				SWIFT_VERSION = 4.0;
				TARGETED_DEVICE_FAMILY = "1,2";
			};
			name = Release;
		};
/* End XCBuildConfiguration section */

/* Begin XCConfigurationList section */
		25B96345211A43130022F6CE /* Build configuration list for PBXProject "ToDoList" */ = {
			isa = XCConfigurationList;
			buildConfigurations = (
				25B9635D211A43140022F6CE /* Debug */,
				25B9635E211A43140022F6CE /* Release */,
			);
			defaultConfigurationIsVisible = 0;
			defaultConfigurationName = Release;
		};
		25B9635F211A43140022F6CE /* Build configuration list for PBXNativeTarget "ToDoList" */ = {
			isa = XCConfigurationList;
			buildConfigurations = (
				25B96360211A43140022F6CE /* Debug */,
				25B96361211A43140022F6CE /* Release */,
			);
			defaultConfigurationIsVisible = 0;
			defaultConfigurationName = Release;
		};
/* End XCConfigurationList section */

/* Begin XCVersionGroup section */
		25B96354211A43130022F6CE /* ToDoList.xcdatamodeld */ = {
			isa = XCVersionGroup;
			children = (
				2556F20D2120374600C5499E /* ToDoList 2.xcdatamodel */,
				25B96355211A43130022F6CE /* ToDoList.xcdatamodel */,
			);
			currentVersion = 25B96355211A43130022F6CE /* ToDoList.xcdatamodel */;
			path = ToDoList.xcdatamodeld;
			sourceTree = "<group>";
			versionGroupType = wrapper.xcdatamodel;
		};
/* End XCVersionGroup section */
	};
	rootObject = 25B96342211A43130022F6CE /* Project object */;
}
